
Microsoft Visual Studio Solution File, Format Version 12.00
# Visual Studio Version 17
VisualStudioVersion = 17.9.34902.65
MinimumVisualStudioVersion = 10.0.40219.1
Project("{FAE04EC0-301F-11D3-BF4B-00C04F79EFBC}") = "RealState", "RealState.csproj", "{013334C3-2963-4B8A-B02D-BFC363682D82}"
EndProject
Global
	GlobalSection(SolutionConfigurationPlatforms) = preSolution
		Debug|Any CPU = Debug|Any CPU
		Release|Any CPU = Release|Any CPU
	EndGlobalSection
	GlobalSection(ProjectConfigurationPlatforms) = postSolution
		{013334C3-2963-4B8A-B02D-BFC363682D82}.Debug|Any CPU.ActiveCfg = Debug|Any CPU
		{013334C3-2963-4B8A-B02D-BFC363682D82}.Debug|Any CPU.Build.0 = Debug|Any CPU
		{013334C3-2963-4B8A-B02D-BFC363682D82}.Release|Any CPU.ActiveCfg = Release|Any CPU
		{013334C3-2963-4B8A-B02D-BFC363682D82}.Release|Any CPU.Build.0 = Release|Any CPU
	EndGlobalSection
	GlobalSection(SolutionProperties) = preSolution
		HideSolutionNode = FALSE
	EndGlobalSection
	GlobalSection(ExtensibilityGlobals) = postSolution
		SolutionGuid = {0951DE3A-76D1-4789-A294-391B11A2E84D}
	EndGlobalSection
EndGlobal
